
Microsoft Visual Studio Solution File, Format Version 11.00
# Visual Studio 2010
Project("{FAE04EC0-301F-11D3-BF4B-00C04F79EFBC}") = "Unity.Timeline", "Unity.Timeline.csproj", "{cdf1eef1-a2ac-0583-b8da-b4e1ed0e0cbc}"
EndProject
Project("{FAE04EC0-301F-11D3-BF4B-00C04F79EFBC}") = "Unity.Timeline.Editor", "Unity.Timeline.Editor.csproj", "{bd4e5cca-c5fa-b0e7-dd91-712b1974c7bc}"
EndProject
Project("{FAE04EC0-301F-11D3-BF4B-00C04F79EFBC}") = "Unity.TextMeshPro.Editor", "Unity.TextMeshPro.Editor.csproj", "{2958d912-99a6-c40a-b576-2bb1fb78af73}"
EndProject
Project("{FAE04EC0-301F-11D3-BF4B-00C04F79EFBC}") = "Unity.VisualScripting.Flow", "Unity.VisualScripting.Flow.csproj", "{b09b2858-d1a3-9c8e-04ba-dc44d4d64659}"
EndProject
Project("{FAE04EC0-301F-11D3-BF4B-00C04F79EFBC}") = "UnityEditor.UI", "UnityEditor.UI.csproj", "{cc538753-94e6-e7c5-cf32-c88efe10e2ac}"
EndProject
Project("{FAE04EC0-301F-11D3-BF4B-00C04F79EFBC}") = "Unity.PlasticSCM.Editor", "Unity.PlasticSCM.Editor.csproj", "{40c21b7f-5f54-807c-9aa5-c5860486303c}"
EndProject
Project("{FAE04EC0-301F-11D3-BF4B-00C04F79EFBC}") = "Unity.VisualScripting.Core", "Unity.VisualScripting.Core.csproj", "{80504562-5316-d477-b493-729f19ccb8a9}"
EndProject
Project("{FAE04EC0-301F-11D3-BF4B-00C04F79EFBC}") = "Unity.VisualScripting.Core.Editor", "Unity.VisualScripting.Core.Editor.csproj", "{36437f52-7874-95f6-423d-2f1cd91619c6}"
EndProject
Project("{FAE04EC0-301F-11D3-BF4B-00C04F79EFBC}") = "Unity.VisualScripting.Flow.Editor", "Unity.VisualScripting.Flow.Editor.csproj", "{6e9fad52-47e4-20bc-5d44-884cd2195580}"
EndProject
Project("{FAE04EC0-301F-11D3-BF4B-00C04F79EFBC}") = "UnityEditor.TestRunner", "UnityEditor.TestRunner.csproj", "{165203d5-2e2d-488f-1b45-1031822716ca}"
EndProject
Project("{FAE04EC0-301F-11D3-BF4B-00C04F79EFBC}") = "Unity.VisualScripting.SettingsProvider.Editor", "Unity.VisualScripting.SettingsProvider.Editor.csproj", "{f45c3ba0-abb5-ec3d-691c-6259c7d34796}"
EndProject
Project("{FAE04EC0-301F-11D3-BF4B-00C04F79EFBC}") = "UnityEngine.TestRunner", "UnityEngine.TestRunner.csproj", "{4f4c0886-5a7f-3de0-ae68-dbf4a327df3c}"
EndProject
Project("{FAE04EC0-301F-11D3-BF4B-00C04F79EFBC}") = "UnityEngine.UI", "UnityEngine.UI.csproj", "{7b4d41f4-2d02-e01d-264e-96eb3f10959c}"
EndProject
Project("{FAE04EC0-301F-11D3-BF4B-00C04F79EFBC}") = "Assembly-CSharp", "Assembly-CSharp.csproj", "{6627b6ee-314d-bb9e-de2f-1e4e50fa459b}"
EndProject
Project("{FAE04EC0-301F-11D3-BF4B-00C04F79EFBC}") = "Unity.VisualStudio.Editor", "Unity.VisualStudio.Editor.csproj", "{5d84bb98-fd5c-79f0-01a9-99aec2ea755e}"
EndProject
Project("{FAE04EC0-301F-11D3-BF4B-00C04F79EFBC}") = "Unity.TestTools.CodeCoverage.Editor.OpenCover.Model", "Unity.TestTools.CodeCoverage.Editor.OpenCover.Model.csproj", "{55c0bc56-85be-4179-cc51-588f094a7455}"
EndProject
Project("{FAE04EC0-301F-11D3-BF4B-00C04F79EFBC}") = "Unity.Rider.Editor", "Unity.Rider.Editor.csproj", "{b6778dc1-302b-b135-67a1-0eb768d863e8}"
EndProject
Project("{FAE04EC0-301F-11D3-BF4B-00C04F79EFBC}") = "Unity.VisualScripting.State.Editor", "Unity.VisualScripting.State.Editor.csproj", "{97015ac2-48e7-9ec7-97d3-80986400e5e1}"
EndProject
Project("{FAE04EC0-301F-11D3-BF4B-00C04F79EFBC}") = "Unity.TestTools.CodeCoverage.Editor", "Unity.TestTools.CodeCoverage.Editor.csproj", "{e45e12db-9342-3cd2-6ec9-0b94bb6f1481}"
EndProject
Project("{FAE04EC0-301F-11D3-BF4B-00C04F79EFBC}") = "Unity.VisualScripting.State", "Unity.VisualScripting.State.csproj", "{44a32dfd-c8c0-1b1b-43a1-f0ee0a680a6f}"
EndProject
Project("{FAE04EC0-301F-11D3-BF4B-00C04F79EFBC}") = "Unity.TextMeshPro", "Unity.TextMeshPro.csproj", "{9c913676-e35f-6d28-c08e-6a8d8cfdd497}"
EndProject
Project("{FAE04EC0-301F-11D3-BF4B-00C04F79EFBC}") = "Unity.Performance.Profile-Analyzer.Editor", "Unity.Performance.Profile-Analyzer.Editor.csproj", "{125630e0-5a52-fffe-061b-309be73b81de}"
EndProject
Project("{FAE04EC0-301F-11D3-BF4B-00C04F79EFBC}") = "Unity.VSCode.Editor", "Unity.VSCode.Editor.csproj", "{16176085-0534-bbf7-6cab-703d6dc1d7da}"
EndProject
Project("{FAE04EC0-301F-11D3-BF4B-00C04F79EFBC}") = "Unity.TestTools.CodeCoverage.Editor.OpenCover.Mono.Reflection", "Unity.TestTools.CodeCoverage.Editor.OpenCover.Mono.Reflection.csproj", "{937ac689-c081-8be5-6b7b-c876552b3e7b}"
EndProject
Project("{FAE04EC0-301F-11D3-BF4B-00C04F79EFBC}") = "Unity.Settings.Editor", "Unity.Settings.Editor.csproj", "{dfe1a950-721f-9940-a6c2-f36daea1948f}"
EndProject
Project("{FAE04EC0-301F-11D3-BF4B-00C04F79EFBC}") = "Unity.EditorCoroutines.Editor", "Unity.EditorCoroutines.Editor.csproj", "{a59862cd-0a8b-835b-f442-81d28e6412a8}"
EndProject
Project("{FAE04EC0-301F-11D3-BF4B-00C04F79EFBC}") = "Unity.VisualScripting.Shared.Editor", "Unity.VisualScripting.Shared.Editor.csproj", "{182d43b9-5d21-f5ea-9958-b3e99b2abccb}"
EndProject
Project("{FAE04EC0-301F-11D3-BF4B-00C04F79EFBC}") = "Unity.CollabProxy.Editor", "Unity.CollabProxy.Editor.csproj", "{ad580245-34c3-725e-9ee9-5df93dc41270}"
EndProject
Global
	GlobalSection(SolutionConfigurationPlatforms) = preSolution
		Debug|Any CPU = Debug|Any CPU
	EndGlobalSection
	GlobalSection(ProjectConfigurationPlatforms) = postSolution
		{cdf1eef1-a2ac-0583-b8da-b4e1ed0e0cbc}.Debug|Any CPU.ActiveCfg = Debug|Any CPU
		{cdf1eef1-a2ac-0583-b8da-b4e1ed0e0cbc}.Debug|Any CPU.Build.0 = Debug|Any CPU
		{bd4e5cca-c5fa-b0e7-dd91-712b1974c7bc}.Debug|Any CPU.ActiveCfg = Debug|Any CPU
		{bd4e5cca-c5fa-b0e7-dd91-712b1974c7bc}.Debug|Any CPU.Build.0 = Debug|Any CPU
		{2958d912-99a6-c40a-b576-2bb1fb78af73}.Debug|Any CPU.ActiveCfg = Debug|Any CPU
		{2958d912-99a6-c40a-b576-2bb1fb78af73}.Debug|Any CPU.Build.0 = Debug|Any CPU
		{b09b2858-d1a3-9c8e-04ba-dc44d4d64659}.Debug|Any CPU.ActiveCfg = Debug|Any CPU
		{b09b2858-d1a3-9c8e-04ba-dc44d4d64659}.Debug|Any CPU.Build.0 = Debug|Any CPU
		{cc538753-94e6-e7c5-cf32-c88efe10e2ac}.Debug|Any CPU.ActiveCfg = Debug|Any CPU
		{cc538753-94e6-e7c5-cf32-c88efe10e2ac}.Debug|Any CPU.Build.0 = Debug|Any CPU
		{40c21b7f-5f54-807c-9aa5-c5860486303c}.Debug|Any CPU.ActiveCfg = Debug|Any CPU
		{40c21b7f-5f54-807c-9aa5-c5860486303c}.Debug|Any CPU.Build.0 = Debug|Any CPU
		{80504562-5316-d477-b493-729f19ccb8a9}.Debug|Any CPU.ActiveCfg = Debug|Any CPU
		{80504562-5316-d477-b493-729f19ccb8a9}.Debug|Any CPU.Build.0 = Debug|Any CPU
		{36437f52-7874-95f6-423d-2f1cd91619c6}.Debug|Any CPU.ActiveCfg = Debug|Any CPU
		{36437f52-7874-95f6-423d-2f1cd91619c6}.Debug|Any CPU.Build.0 = Debug|Any CPU
		{6e9fad52-47e4-20bc-5d44-884cd2195580}.Debug|Any CPU.ActiveCfg = Debug|Any CPU
		{6e9fad52-47e4-20bc-5d44-884cd2195580}.Debug|Any CPU.Build.0 = Debug|Any CPU
		{165203d5-2e2d-488f-1b45-1031822716ca}.Debug|Any CPU.ActiveCfg = Debug|Any CPU
		{165203d5-2e2d-488f-1b45-1031822716ca}.Debug|Any CPU.Build.0 = Debug|Any CPU
		{f45c3ba0-abb5-ec3d-691c-6259c7d34796}.Debug|Any CPU.ActiveCfg = Debug|Any CPU
		{f45c3ba0-abb5-ec3d-691c-6259c7d34796}.Debug|Any CPU.Build.0 = Debug|Any CPU
		{4f4c0886-5a7f-3de0-ae68-dbf4a327df3c}.Debug|Any CPU.ActiveCfg = Debug|Any CPU
		{4f4c0886-5a7f-3de0-ae68-dbf4a327df3c}.Debug|Any CPU.Build.0 = Debug|Any CPU
		{7b4d41f4-2d02-e01d-264e-96eb3f10959c}.Debug|Any CPU.ActiveCfg = Debug|Any CPU
		{7b4d41f4-2d02-e01d-264e-96eb3f10959c}.Debug|Any CPU.Build.0 = Debug|Any CPU
		{6627b6ee-314d-bb9e-de2f-1e4e50fa459b}.Debug|Any CPU.ActiveCfg = Debug|Any CPU
		{6627b6ee-314d-bb9e-de2f-1e4e50fa459b}.Debug|Any CPU.Build.0 = Debug|Any CPU
		{5d84bb98-fd5c-79f0-01a9-99aec2ea755e}.Debug|Any CPU.ActiveCfg = Debug|Any CPU
		{5d84bb98-fd5c-79f0-01a9-99aec2ea755e}.Debug|Any CPU.Build.0 = Debug|Any CPU
		{55c0bc56-85be-4179-cc51-588f094a7455}.Debug|Any CPU.ActiveCfg = Debug|Any CPU
		{55c0bc56-85be-4179-cc51-588f094a7455}.Debug|Any CPU.Build.0 = Debug|Any CPU
		{b6778dc1-302b-b135-67a1-0eb768d863e8}.Debug|Any CPU.ActiveCfg = Debug|Any CPU
		{b6778dc1-302b-b135-67a1-0eb768d863e8}.Debug|Any CPU.Build.0 = Debug|Any CPU
		{97015ac2-48e7-9ec7-97d3-80986400e5e1}.Debug|Any CPU.ActiveCfg = Debug|Any CPU
		{97015ac2-48e7-9ec7-97d3-80986400e5e1}.Debug|Any CPU.Build.0 = Debug|Any CPU
		{e45e12db-9342-3cd2-6ec9-0b94bb6f1481}.Debug|Any CPU.ActiveCfg = Debug|Any CPU
		{e45e12db-9342-3cd2-6ec9-0b94bb6f1481}.Debug|Any CPU.Build.0 = Debug|Any CPU
		{44a32dfd-c8c0-1b1b-43a1-f0ee0a680a6f}.Debug|Any CPU.ActiveCfg = Debug|Any CPU
		{44a32dfd-c8c0-1b1b-43a1-f0ee0a680a6f}.Debug|Any CPU.Build.0 = Debug|Any CPU
		{9c913676-e35f-6d28-c08e-6a8d8cfdd497}.Debug|Any CPU.ActiveCfg = Debug|Any CPU
		{9c913676-e35f-6d28-c08e-6a8d8cfdd497}.Debug|Any CPU.Build.0 = Debug|Any CPU
		{125630e0-5a52-fffe-061b-309be73b81de}.Debug|Any CPU.ActiveCfg = Debug|Any CPU
		{125630e0-5a52-fffe-061b-309be73b81de}.Debug|Any CPU.Build.0 = Debug|Any CPU
		{16176085-0534-bbf7-6cab-703d6dc1d7da}.Debug|Any CPU.ActiveCfg = Debug|Any CPU
		{16176085-0534-bbf7-6cab-703d6dc1d7da}.Debug|Any CPU.Build.0 = Debug|Any CPU
		{937ac689-c081-8be5-6b7b-c876552b3e7b}.Debug|Any CPU.ActiveCfg = Debug|Any CPU
		{937ac689-c081-8be5-6b7b-c876552b3e7b}.Debug|Any CPU.Build.0 = Debug|Any CPU
		{dfe1a950-721f-9940-a6c2-f36daea1948f}.Debug|Any CPU.ActiveCfg = Debug|Any CPU
		{dfe1a950-721f-9940-a6c2-f36daea1948f}.Debug|Any CPU.Build.0 = Debug|Any CPU
		{a59862cd-0a8b-835b-f442-81d28e6412a8}.Debug|Any CPU.ActiveCfg = Debug|Any CPU
		{a59862cd-0a8b-835b-f442-81d28e6412a8}.Debug|Any CPU.Build.0 = Debug|Any CPU
		{182d43b9-5d21-f5ea-9958-b3e99b2abccb}.Debug|Any CPU.ActiveCfg = Debug|Any CPU
		{182d43b9-5d21-f5ea-9958-b3e99b2abccb}.Debug|Any CPU.Build.0 = Debug|Any CPU
		{ad580245-34c3-725e-9ee9-5df93dc41270}.Debug|Any CPU.ActiveCfg = Debug|Any CPU
		{ad580245-34c3-725e-9ee9-5df93dc41270}.Debug|Any CPU.Build.0 = Debug|Any CPU
	EndGlobalSection
	GlobalSection(SolutionProperties) = preSolution
		HideSolutionNode = FALSE
	EndGlobalSection
EndGlobal
